
Microsoft Visual Studio Solution File, Format Version 12.00
# Visual Studio Version 17
VisualStudioVersion = 17.0.32112.339
MinimumVisualStudioVersion = 10.0.40219.1
Project("{9A19103F-16F7-4668-BE54-9A1E7A4F7556}") = "GloeilampSysteem", "GloeilampSysteem\GloeilampSysteem.csproj", "{0799D501-67E5-4F58-92C9-3401989FF53F}"
EndProject
Global
	GlobalSection(SolutionConfigurationPlatforms) = preSolution
		Debug|Any CPU = Debug|Any CPU
		Release|Any CPU = Release|Any CPU
	EndGlobalSection
	GlobalSection(ProjectConfigurationPlatforms) = postSolution
		{0799D501-67E5-4F58-92C9-3401989FF53F}.Debug|Any CPU.ActiveCfg = Debug|Any CPU
		{0799D501-67E5-4F58-92C9-3401989FF53F}.Debug|Any CPU.Build.0 = Debug|Any CPU
		{0799D501-67E5-4F58-92C9-3401989FF53F}.Release|Any CPU.ActiveCfg = Release|Any CPU
		{0799D501-67E5-4F58-92C9-3401989FF53F}.Release|Any CPU.Build.0 = Release|Any CPU
	EndGlobalSection
	GlobalSection(SolutionProperties) = preSolution
		HideSolutionNode = FALSE
	EndGlobalSection
	GlobalSection(ExtensibilityGlobals) = postSolution
		SolutionGuid = {573196BC-0A9B-4515-B87E-E847A5E7AFD9}
	EndGlobalSection
EndGlobal
